
Microsoft Visual Studio Solution File, Format Version 12.00
# Visual Studio Version 16
Project("{8BC9CEB8-8B4A-11D0-8D11-00A0C91BC942}") = "Sandbox", "Sandbox\Sandbox.vcxproj", "{F4C124E3-60A1-A37E-69B9-2E55D5170AE0}"
EndProject
Project("{8BC9CEB8-8B4A-11D0-8D11-00A0C91BC942}") = "Meduza", "Meduza\Meduza.vcxproj", "{CBBFD8C2-B761-0399-A01C-17ED8C5D8AE9}"
EndProject
Global
	GlobalSection(SolutionConfigurationPlatforms) = preSolution
		Debug|x64 = Debug|x64
		Developer|x64 = Developer|x64
		Release|x64 = Release|x64
	EndGlobalSection
	GlobalSection(ProjectConfigurationPlatforms) = postSolution
		{F4C124E3-60A1-A37E-69B9-2E55D5170AE0}.Debug|x64.ActiveCfg = Debug|x64
		{F4C124E3-60A1-A37E-69B9-2E55D5170AE0}.Debug|x64.Build.0 = Debug|x64
		{F4C124E3-60A1-A37E-69B9-2E55D5170AE0}.Developer|x64.ActiveCfg = Developer|x64
		{F4C124E3-60A1-A37E-69B9-2E55D5170AE0}.Developer|x64.Build.0 = Developer|x64
		{F4C124E3-60A1-A37E-69B9-2E55D5170AE0}.Release|x64.ActiveCfg = Release|x64
		{F4C124E3-60A1-A37E-69B9-2E55D5170AE0}.Release|x64.Build.0 = Release|x64
		{CBBFD8C2-B761-0399-A01C-17ED8C5D8AE9}.Debug|x64.ActiveCfg = Debug|x64
		{CBBFD8C2-B761-0399-A01C-17ED8C5D8AE9}.Debug|x64.Build.0 = Debug|x64
		{CBBFD8C2-B761-0399-A01C-17ED8C5D8AE9}.Developer|x64.ActiveCfg = Developer|x64
		{CBBFD8C2-B761-0399-A01C-17ED8C5D8AE9}.Developer|x64.Build.0 = Developer|x64
		{CBBFD8C2-B761-0399-A01C-17ED8C5D8AE9}.Release|x64.ActiveCfg = Release|x64
		{CBBFD8C2-B761-0399-A01C-17ED8C5D8AE9}.Release|x64.Build.0 = Release|x64
	EndGlobalSection
	GlobalSection(SolutionProperties) = preSolution
		HideSolutionNode = FALSE
	EndGlobalSection
EndGlobal
