<?xml version="1.0" encoding="utf-8"?>
<Project ToolsVersion="4.0" xmlns="http://schemas.microsoft.com/developer/msbuild/2003">
  <ItemGroup>
    <Filter Include="External">
      <UniqueIdentifier>{089DB854-F469-1360-1D83-010809AF48EE}</UniqueIdentifier>
    </Filter>
    <Filter Include="External\Glad">
      <UniqueIdentifier>{EF48C757-5B09-438E-2444-8C0B90C3876A}</UniqueIdentifier>
    </Filter>
    <Filter Include="External\Glad\src">
      <UniqueIdentifier>{86E62B0B-F2FC-29A1-3B74-B5C2A7C9FA28}</UniqueIdentifier>
    </Filter>
    <Filter Include="Include">
      <UniqueIdentifier>{6917EFFE-D5F6-6D9A-DE0E-F9704A6DD4FB}</UniqueIdentifier>
    </Filter>
    <Filter Include="Include\Core">
      <UniqueIdentifier>{61455C4B-4DA8-EBEF-F62D-24A6E26FB772}</UniqueIdentifier>
    </Filter>
    <Filter Include="Include\Core\Drawable">
      <UniqueIdentifier>{52E4A38A-BE50-5F85-8744-F7E2F36F81ED}</UniqueIdentifier>
    </Filter>
    <Filter Include="Include\Core\Math">
      <UniqueIdentifier>{DA2E929E-4645-9034-8FBC-1B56FB1161BC}</UniqueIdentifier>
    </Filter>
    <Filter Include="Include\Core\Resources">
      <UniqueIdentifier>{0B58F896-F751-21E9-E0BE-B7F9CC578755}</UniqueIdentifier>
    </Filter>
    <Filter Include="Include\Platform">
      <UniqueIdentifier>{DDB9DC72-C9B2-FBC4-F2E4-E049DE3CDBD0}</UniqueIdentifier>
    </Filter>
    <Filter Include="Include\Platform\General">
      <UniqueIdentifier>{CA1809B9-B63D-5839-DF88-3DC9CB0C5757}</UniqueIdentifier>
    </Filter>
    <Filter Include="Include\Platform\Windows">
      <UniqueIdentifier>{17F10092-0316-5012-2C61-35A218E54E30}</UniqueIdentifier>
    </Filter>
    <Filter Include="Include\Platform\Windows\Gfx">
      <UniqueIdentifier>{0BA6CC9C-F760-BC48-A018-35938CB206D9}</UniqueIdentifier>
    </Filter>
    <Filter Include="Include\Platform\Windows\Gfx\Dx12">
      <UniqueIdentifier>{59F3C6D1-C561-1C51-0E4B-D7507AF811ED}</UniqueIdentifier>
    </Filter>
    <Filter Include="Include\Platform\Windows\Gfx\OpenGL">
      <UniqueIdentifier>{DFB48678-4B6E-F122-D4CD-0BFD4086A792}</UniqueIdentifier>
    </Filter>
    <Filter Include="Include\Util">
      <UniqueIdentifier>{5638664B-429B-F5EF-EB20-2EA6D762C172}</UniqueIdentifier>
    </Filter>
    <Filter Include="Source">
      <UniqueIdentifier>{56EB95D1-428D-C0A7-2B48-D4FB178947F8}</UniqueIdentifier>
    </Filter>
    <Filter Include="Source\Core">
      <UniqueIdentifier>{6E95150F-DA4A-8E04-633F-88DBCFF38408}</UniqueIdentifier>
    </Filter>
    <Filter Include="Source\Core\Drawable">
      <UniqueIdentifier>{FF926010-EB21-EAD9-9440-FED480AEFA7F}</UniqueIdentifier>
    </Filter>
    <Filter Include="Source\Core\Math">
      <UniqueIdentifier>{078FF058-F387-0FAB-1CBA-F42F0812EFB6}</UniqueIdentifier>
    </Filter>
    <Filter Include="Source\Core\Resources">
      <UniqueIdentifier>{58DC4AD4-C448-06CF-8D3C-9E2CF9672837}</UniqueIdentifier>
    </Filter>
    <Filter Include="Source\Platform">
      <UniqueIdentifier>{6A48A913-D6D3-16D8-DFE4-99CC4BEF72D8}</UniqueIdentifier>
    </Filter>
    <Filter Include="Source\Platform\General">
      <UniqueIdentifier>{57E40D95-C31B-562C-CC25-BA4F38DC7C25}</UniqueIdentifier>
    </Filter>
    <Filter Include="Source\Platform\Windows">
      <UniqueIdentifier>{A4BC056E-10F4-4D05-19FE-B12885B474FE}</UniqueIdentifier>
    </Filter>
    <Filter Include="Source\Platform\Windows\Gfx">
      <UniqueIdentifier>{1870363E-847D-6424-0D64-600F797030DB}</UniqueIdentifier>
    </Filter>
    <Filter Include="Source\Platform\Windows\Gfx\Dx12">
      <UniqueIdentifier>{860D320D-725E-1D4F-9BC2-0B118772B0B8}</UniqueIdentifier>
    </Filter>
    <Filter Include="Source\Platform\Windows\Gfx\OpenGL">
      <UniqueIdentifier>{4C0E213B-384A-24A5-A15C-3C9C8DB7CCBF}</UniqueIdentifier>
    </Filter>
    <Filter Include="Source\Util">
      <UniqueIdentifier>{63881F0F-CF3D-9804-5832-92DBC4E68E08}</UniqueIdentifier>
    </Filter>
  </ItemGroup>
  <ItemGroup>
    <ClInclude Include="Include\Core\Drawable\Drawable.h">
      <Filter>Include\Core\Drawable</Filter>
    </ClInclude>
    <ClInclude Include="Include\Core\Drawable\Sprite.h">
      <Filter>Include\Core\Drawable</Filter>
    </ClInclude>
    <ClInclude Include="Include\Core\Math\MeduzaMath.h">
      <Filter>Include\Core\Math</Filter>
    </ClInclude>
    <ClInclude Include="Include\Core\Meduza.h">
      <Filter>Include\Core</Filter>
    </ClInclude>
    <ClInclude Include="Include\Core\MeduzaUtil.h">
      <Filter>Include\Core</Filter>
    </ClInclude>
    <ClInclude Include="Include\Core\Resources\Resource.h">
      <Filter>Include\Core\Resources</Filter>
    </ClInclude>
    <ClInclude Include="Include\Core\Resources\Texture.h">
      <Filter>Include\Core\Resources</Filter>
    </ClInclude>
    <ClInclude Include="Include\Platform\General\Context.h">
      <Filter>Include\Platform\General</Filter>
    </ClInclude>
    <ClInclude Include="Include\Platform\General\Mesh.h">
      <Filter>Include\Platform\General</Filter>
    </ClInclude>
    <ClInclude Include="Include\Platform\General\Renderer.h">
      <Filter>Include\Platform\General</Filter>
    </ClInclude>
    <ClInclude Include="Include\Platform\General\Window.h">
      <Filter>Include\Platform\General</Filter>
    </ClInclude>
    <ClInclude Include="Include\Platform\Windows\Gfx\Dx12\CommandListDx12.h">
      <Filter>Include\Platform\Windows\Gfx\Dx12</Filter>
    </ClInclude>
    <ClInclude Include="Include\Platform\Windows\Gfx\Dx12\CommandQueueDx12.h">
      <Filter>Include\Platform\Windows\Gfx\Dx12</Filter>
    </ClInclude>
    <ClInclude Include="Include\Platform\Windows\Gfx\Dx12\ContextDx12.h">
      <Filter>Include\Platform\Windows\Gfx\Dx12</Filter>
    </ClInclude>
    <ClInclude Include="Include\Platform\Windows\Gfx\Dx12\DescriptorDx12.h">
      <Filter>Include\Platform\Windows\Gfx\Dx12</Filter>
    </ClInclude>
    <ClInclude Include="Include\Platform\Windows\Gfx\Dx12\DeviceDx12.h">
      <Filter>Include\Platform\Windows\Gfx\Dx12</Filter>
    </ClInclude>
    <ClInclude Include="Include\Platform\Windows\Gfx\Dx12\FenceDx12.h">
      <Filter>Include\Platform\Windows\Gfx\Dx12</Filter>
    </ClInclude>
    <ClInclude Include="Include\Platform\Windows\Gfx\Dx12\HelperDx12.h">
      <Filter>Include\Platform\Windows\Gfx\Dx12</Filter>
    </ClInclude>
    <ClInclude Include="Include\Platform\Windows\Gfx\Dx12\MeshDx12.h">
      <Filter>Include\Platform\Windows\Gfx\Dx12</Filter>
    </ClInclude>
    <ClInclude Include="Include\Platform\Windows\Gfx\Dx12\RendererDx12.h">
      <Filter>Include\Platform\Windows\Gfx\Dx12</Filter>
    </ClInclude>
    <ClInclude Include="Include\Platform\Windows\Gfx\OpenGL\ContextGL.h">
      <Filter>Include\Platform\Windows\Gfx\OpenGL</Filter>
    </ClInclude>
    <ClInclude Include="Include\Platform\Windows\Gfx\OpenGL\MeshGL.h">
      <Filter>Include\Platform\Windows\Gfx\OpenGL</Filter>
    </ClInclude>
    <ClInclude Include="Include\Platform\Windows\Gfx\OpenGL\RendererGL.h">
      <Filter>Include\Platform\Windows\Gfx\OpenGL</Filter>
    </ClInclude>
    <ClInclude Include="Include\Platform\Windows\WinWindow.h">
      <Filter>Include\Platform\Windows</Filter>
    </ClInclude>
    <ClInclude Include="Include\Util\MeduzaHelper.h">
      <Filter>Include\Util</Filter>
    </ClInclude>
    <ClInclude Include="Include\mePch.h">
      <Filter>Include</Filter>
    </ClInclude>
  </ItemGroup>
  <ItemGroup>
    <ClCompile Include="External\Glad\src\glad.c">
      <Filter>External\Glad\src</Filter>
    </ClCompile>
    <ClCompile Include="Source\Core\Drawable\Drawable.cpp">
      <Filter>Source\Core\Drawable</Filter>
    </ClCompile>
    <ClCompile Include="Source\Core\Drawable\Sprite.cpp">
      <Filter>Source\Core\Drawable</Filter>
    </ClCompile>
    <ClCompile Include="Source\Core\Math\MeduzaMath.cpp">
      <Filter>Source\Core\Math</Filter>
    </ClCompile>
    <ClCompile Include="Source\Core\Meduza.cpp">
      <Filter>Source\Core</Filter>
    </ClCompile>
    <ClCompile Include="Source\Core\MeduzaUtil.cpp">
      <Filter>Source\Core</Filter>
    </ClCompile>
    <ClCompile Include="Source\Core\Resources\Resource.cpp">
      <Filter>Source\Core\Resources</Filter>
    </ClCompile>
    <ClCompile Include="Source\Core\Resources\Texture.cpp">
      <Filter>Source\Core\Resources</Filter>
    </ClCompile>
    <ClCompile Include="Source\Platform\General\Mesh.cpp">
      <Filter>Source\Platform\General</Filter>
    </ClCompile>
    <ClCompile Include="Source\Platform\General\Renderer.cpp">
      <Filter>Source\Platform\General</Filter>
    </ClCompile>
    <ClCompile Include="Source\Platform\Windows\Gfx\Dx12\CommandListDx12.cpp">
      <Filter>Source\Platform\Windows\Gfx\Dx12</Filter>
    </ClCompile>
    <ClCompile Include="Source\Platform\Windows\Gfx\Dx12\CommandQueueDx12.cpp">
      <Filter>Source\Platform\Windows\Gfx\Dx12</Filter>
    </ClCompile>
    <ClCompile Include="Source\Platform\Windows\Gfx\Dx12\ContextDx12.cpp">
      <Filter>Source\Platform\Windows\Gfx\Dx12</Filter>
    </ClCompile>
    <ClCompile Include="Source\Platform\Windows\Gfx\Dx12\DescriptorDx12.cpp">
      <Filter>Source\Platform\Windows\Gfx\Dx12</Filter>
    </ClCompile>
    <ClCompile Include="Source\Platform\Windows\Gfx\Dx12\DeviceDx12.cpp">
      <Filter>Source\Platform\Windows\Gfx\Dx12</Filter>
    </ClCompile>
    <ClCompile Include="Source\Platform\Windows\Gfx\Dx12\FenceDx12.cpp">
      <Filter>Source\Platform\Windows\Gfx\Dx12</Filter>
    </ClCompile>
    <ClCompile Include="Source\Platform\Windows\Gfx\Dx12\HelperDx12.cpp">
      <Filter>Source\Platform\Windows\Gfx\Dx12</Filter>
    </ClCompile>
    <ClCompile Include="Source\Platform\Windows\Gfx\Dx12\MeshDx12.cpp">
      <Filter>Source\Platform\Windows\Gfx\Dx12</Filter>
    </ClCompile>
    <ClCompile Include="Source\Platform\Windows\Gfx\Dx12\RendererDx12.cpp">
      <Filter>Source\Platform\Windows\Gfx\Dx12</Filter>
    </ClCompile>
    <ClCompile Include="Source\Platform\Windows\Gfx\OpenGL\ContextGL.cpp">
      <Filter>Source\Platform\Windows\Gfx\OpenGL</Filter>
    </ClCompile>
    <ClCompile Include="Source\Platform\Windows\Gfx\OpenGL\MeshGL.cpp">
      <Filter>Source\Platform\Windows\Gfx\OpenGL</Filter>
    </ClCompile>
    <ClCompile Include="Source\Platform\Windows\Gfx\OpenGL\RendererGL.cpp">
      <Filter>Source\Platform\Windows\Gfx\OpenGL</Filter>
    </ClCompile>
    <ClCompile Include="Source\Platform\Windows\WinWindow.cpp">
      <Filter>Source\Platform\Windows</Filter>
    </ClCompile>
    <ClCompile Include="Source\Util\MeduzaHelper.cpp">
      <Filter>Source\Util</Filter>
    </ClCompile>
    <ClCompile Include="Source\mePch.cpp">
      <Filter>Source</Filter>
    </ClCompile>
  </ItemGroup>
</Project>